
Microsoft Visual Studio Solution File, Format Version 12.00
# Visual Studio Version 16
VisualStudioVersion = 16.0.32002.261
MinimumVisualStudioVersion = 10.0.40219.1
Project("{9A19103F-16F7-4668-BE54-9A1E7A4F7556}") = "Project_Management_API", "Project_Management_API\Project_Management_API.csproj", "{A369C3CE-EC3A-4351-ADBF-6F1BA2D301B1}"
EndProject
Project("{FAE04EC0-301F-11D3-BF4B-00C04F79EFBC}") = "Project_Management_API_Test", "Project_Management_API_Test\Project_Management_API_Test.csproj", "{A878016E-F6F0-4EFC-BFF1-FD0FF6E5FF2F}"
EndProject
Global
	GlobalSection(SolutionConfigurationPlatforms) = preSolution
		Debug|Any CPU = Debug|Any CPU
		Release|Any CPU = Release|Any CPU
	EndGlobalSection
	GlobalSection(ProjectConfigurationPlatforms) = postSolution
		{A369C3CE-EC3A-4351-ADBF-6F1BA2D301B1}.Debug|Any CPU.ActiveCfg = Debug|Any CPU
		{A369C3CE-EC3A-4351-ADBF-6F1BA2D301B1}.Debug|Any CPU.Build.0 = Debug|Any CPU
		{A369C3CE-EC3A-4351-ADBF-6F1BA2D301B1}.Release|Any CPU.ActiveCfg = Release|Any CPU
		{A369C3CE-EC3A-4351-ADBF-6F1BA2D301B1}.Release|Any CPU.Build.0 = Release|Any CPU
		{A878016E-F6F0-4EFC-BFF1-FD0FF6E5FF2F}.Debug|Any CPU.ActiveCfg = Debug|Any CPU
		{A878016E-F6F0-4EFC-BFF1-FD0FF6E5FF2F}.Debug|Any CPU.Build.0 = Debug|Any CPU
		{A878016E-F6F0-4EFC-BFF1-FD0FF6E5FF2F}.Release|Any CPU.ActiveCfg = Release|Any CPU
		{A878016E-F6F0-4EFC-BFF1-FD0FF6E5FF2F}.Release|Any CPU.Build.0 = Release|Any CPU
	EndGlobalSection
	GlobalSection(SolutionProperties) = preSolution
		HideSolutionNode = FALSE
	EndGlobalSection
	GlobalSection(ExtensibilityGlobals) = postSolution
		SolutionGuid = {873B96EF-A689-47C7-9F0C-4B39B27E1415}
	EndGlobalSection
EndGlobal
